{
  "pins" : [
    {
      "identity" : "imagecore",
      "kind" : "remoteSourceControl",
      "location" : "https://github.com/KivySwiftLink/ImageCore",
      "state" : {
        "revision" : "8c1b465cec82b4d708bf185d83b03f289450513a",
        "version" : "311.0.1"
      }
    },
    {
      "identity" : "pythoncore",
      "kind" : "remoteSourceControl",
      "location" : "https://github.com/KivySwiftLink/PythonCore",
      "state" : {
        "revision" : "58744fd8eb88cc456d1e9088c834070402e9a96e",
        "version" : "311.0.1"
      }
    },
    {
      "identity" : "pythonswiftlink",
      "kind" : "remoteSourceControl",
      "location" : "https://github.com/KivySwiftLink/PythonSwiftLink",
      "state" : {
        "revision" : "6ee5b94c89d03a470c7934816b83177027e2d147",
        "version" : "311.1.2"
      }
    },
    {
      "identity" : "sdl2core",
      "kind" : "remoteSourceControl",
      "location" : "https://github.com/KivySwiftLink/SDL2Core",
      "state" : {
        "revision" : "cfc0bbf0ef6e867463196aed0925e7de2bade05e",
        "version" : "311.0.1"
      }
    },
    {
      "identity" : "swiftonizeplugin",
      "kind" : "remoteSourceControl",
      "location" : "https://github.com/PythonSwiftLink/SwiftonizePlugin",
      "state" : {
        "revision" : "c96ad7ea8fd8e4506cb67c937021b55d9e8eccbb",
        "version" : "0.1.0"
      }
    }
  ],
  "version" : 2
}
